// !$*UTF8*$!
{
	archiveVersion = 1;
	classes = {
	};
	objectVersion = 50;
	objects = {

/* Begin PBXBuildFile section */
		2BC5C6C124D1DC9900CBD0D7 /* SidebarViewController.storyboard in Resources */ = {isa = PBXBuildFile; fileRef = 2BC5C6C024D1DC9900CBD0D7 /* SidebarViewController.storyboard */; };
		2BC5C6C324D1DCA700CBD0D7 /* SidebarViewController.swift in Sources */ = {isa = PBXBuildFile; fileRef = 2BC5C6C224D1DCA700CBD0D7 /* SidebarViewController.swift */; };
		2BC5C6C524D1DCDC00CBD0D7 /* SidebarModalViewController.storyboard in Resources */ = {isa = PBXBuildFile; fileRef = 2BC5C6C424D1DCDC00CBD0D7 /* SidebarModalViewController.storyboard */; };
		2BC5C6C724D1DEA800CBD0D7 /* ListViewController.storyboard in Resources */ = {isa = PBXBuildFile; fileRef = 2BC5C6C624D1DEA800CBD0D7 /* ListViewController.storyboard */; };
		2BC5C6C924D1DF3900CBD0D7 /* ListViewController.swift in Sources */ = {isa = PBXBuildFile; fileRef = 2BC5C6C824D1DF3900CBD0D7 /* ListViewController.swift */; };
		2BC5C6CB24D1F7BB00CBD0D7 /* ListContentViewController.storyboard in Resources */ = {isa = PBXBuildFile; fileRef = 2BC5C6CA24D1F7BB00CBD0D7 /* ListContentViewController.storyboard */; };
		2BC5C6CD24D1FA8A00CBD0D7 /* ListContentViewController.swift in Sources */ = {isa = PBXBuildFile; fileRef = 2BC5C6CC24D1FA8A00CBD0D7 /* ListContentViewController.swift */; };
		2BC5C6CF24D22DAA00CBD0D7 /* UIPasteboardViewController.storyboard in Resources */ = {isa = PBXBuildFile; fileRef = 2BC5C6CE24D22DAA00CBD0D7 /* UIPasteboardViewController.storyboard */; };
		2BC5C6D124D22DB500CBD0D7 /* UIPasteboardViewController.swift in Sources */ = {isa = PBXBuildFile; fileRef = 2BC5C6D024D22DB500CBD0D7 /* UIPasteboardViewController.swift */; };
		2BCA7E1424D1A7910096CBA8 /* AppDelegate.swift in Sources */ = {isa = PBXBuildFile; fileRef = 2BCA7E1324D1A7910096CBA8 /* AppDelegate.swift */; };
		2BCA7E1624D1A7910096CBA8 /* SceneDelegate.swift in Sources */ = {isa = PBXBuildFile; fileRef = 2BCA7E1524D1A7910096CBA8 /* SceneDelegate.swift */; };
		2BCA7E1B24D1A7910096CBA8 /* Main.storyboard in Resources */ = {isa = PBXBuildFile; fileRef = 2BCA7E1924D1A7910096CBA8 /* Main.storyboard */; };
		2BCA7E1D24D1A7930096CBA8 /* Assets.xcassets in Resources */ = {isa = PBXBuildFile; fileRef = 2BCA7E1C24D1A7930096CBA8 /* Assets.xcassets */; };
		2BCA7E2024D1A7930096CBA8 /* LaunchScreen.storyboard in Resources */ = {isa = PBXBuildFile; fileRef = 2BCA7E1E24D1A7930096CBA8 /* LaunchScreen.storyboard */; };
		2BCA7E2B24D1A7930096CBA8 /* iOS14UIKitSamplerTests.swift in Sources */ = {isa = PBXBuildFile; fileRef = 2BCA7E2A24D1A7930096CBA8 /* iOS14UIKitSamplerTests.swift */; };
		2BCA7E3624D1A7940096CBA8 /* iOS14UIKitSamplerUITests.swift in Sources */ = {isa = PBXBuildFile; fileRef = 2BCA7E3524D1A7940096CBA8 /* iOS14UIKitSamplerUITests.swift */; };
		2BCA7E4424D1A8AC0096CBA8 /* TableViewController.swift in Sources */ = {isa = PBXBuildFile; fileRef = 2BCA7E4324D1A8AC0096CBA8 /* TableViewController.swift */; };
		2BCA7E4624D1AAFB0096CBA8 /* MenuViewController.storyboard in Resources */ = {isa = PBXBuildFile; fileRef = 2BCA7E4524D1AAFB0096CBA8 /* MenuViewController.storyboard */; };
		2BCA7E4A24D1B6690096CBA8 /* MenuViewController.swift in Sources */ = {isa = PBXBuildFile; fileRef = 2BCA7E4924D1B6690096CBA8 /* MenuViewController.swift */; };
		2BCA7E4C24D1B6BE0096CBA8 /* PageControlViewController.swift in Sources */ = {isa = PBXBuildFile; fileRef = 2BCA7E4B24D1B6BE0096CBA8 /* PageControlViewController.swift */; };
		2BCA7E4E24D1B6CB0096CBA8 /* PageControlViewController.storyboard in Resources */ = {isa = PBXBuildFile; fileRef = 2BCA7E4D24D1B6CB0096CBA8 /* PageControlViewController.storyboard */; };
		2BCA7E5024D1BE780096CBA8 /* NewControlsViewController.storyboard in Resources */ = {isa = PBXBuildFile; fileRef = 2BCA7E4F24D1BE780096CBA8 /* NewControlsViewController.storyboard */; };
		2BCA7E5224D1BE820096CBA8 /* NewControlsViewController.swift in Sources */ = {isa = PBXBuildFile; fileRef = 2BCA7E5124D1BE820096CBA8 /* NewControlsViewController.swift */; };
		2BCA7E5424D1C16A0096CBA8 /* DatePickerViewController.storyboard in Resources */ = {isa = PBXBuildFile; fileRef = 2BCA7E5324D1C16A0096CBA8 /* DatePickerViewController.storyboard */; };
		2BCA7E5624D1C8420096CBA8 /* DatePickerViewController.swift in Sources */ = {isa = PBXBuildFile; fileRef = 2BCA7E5524D1C8420096CBA8 /* DatePickerViewController.swift */; };
		2BCA7E5824D1D57B0096CBA8 /* UIControlViewController.storyboard in Resources */ = {isa = PBXBuildFile; fileRef = 2BCA7E5724D1D57B0096CBA8 /* UIControlViewController.storyboard */; };
		2BCA7E5A24D1D5840096CBA8 /* UIControlViewController.swift in Sources */ = {isa = PBXBuildFile; fileRef = 2BCA7E5924D1D5840096CBA8 /* UIControlViewController.swift */; };
/* End PBXBuildFile section */

/* Begin PBXContainerItemProxy section */
		2BCA7E2724D1A7930096CBA8 /* PBXContainerItemProxy */ = {
			isa = PBXContainerItemProxy;
			containerPortal = 2BCA7E0824D1A7910096CBA8 /* Project object */;
			proxyType = 1;
			remoteGlobalIDString = 2BCA7E0F24D1A7910096CBA8;
			remoteInfo = iOS14UIKitSampler;
		};
		2BCA7E3224D1A7940096CBA8 /* PBXContainerItemProxy */ = {
			isa = PBXContainerItemProxy;
			containerPortal = 2BCA7E0824D1A7910096CBA8 /* Project object */;
			proxyType = 1;
			remoteGlobalIDString = 2BCA7E0F24D1A7910096CBA8;
			remoteInfo = iOS14UIKitSampler;
		};
/* End PBXContainerItemProxy section */

/* Begin PBXFileReference section */
		2BC5C6C024D1DC9900CBD0D7 /* SidebarViewController.storyboard */ = {isa = PBXFileReference; lastKnownFileType = file.storyboard; path = SidebarViewController.storyboard; sourceTree = "<group>"; };
		2BC5C6C224D1DCA700CBD0D7 /* SidebarViewController.swift */ = {isa = PBXFileReference; lastKnownFileType = sourcecode.swift; path = SidebarViewController.swift; sourceTree = "<group>"; };
		2BC5C6C424D1DCDC00CBD0D7 /* SidebarModalViewController.storyboard */ = {isa = PBXFileReference; lastKnownFileType = file.storyboard; path = SidebarModalViewController.storyboard; sourceTree = "<group>"; };
		2BC5C6C624D1DEA800CBD0D7 /* ListViewController.storyboard */ = {isa = PBXFileReference; lastKnownFileType = file.storyboard; path = ListViewController.storyboard; sourceTree = "<group>"; };
		2BC5C6C824D1DF3900CBD0D7 /* ListViewController.swift */ = {isa = PBXFileReference; lastKnownFileType = sourcecode.swift; path = ListViewController.swift; sourceTree = "<group>"; };
		2BC5C6CA24D1F7BB00CBD0D7 /* ListContentViewController.storyboard */ = {isa = PBXFileReference; lastKnownFileType = file.storyboard; path = ListContentViewController.storyboard; sourceTree = "<group>"; };
		2BC5C6CC24D1FA8A00CBD0D7 /* ListContentViewController.swift */ = {isa = PBXFileReference; lastKnownFileType = sourcecode.swift; path = ListContentViewController.swift; sourceTree = "<group>"; };
		2BC5C6CE24D22DAA00CBD0D7 /* UIPasteboardViewController.storyboard */ = {isa = PBXFileReference; lastKnownFileType = file.storyboard; path = UIPasteboardViewController.storyboard; sourceTree = "<group>"; };
		2BC5C6D024D22DB500CBD0D7 /* UIPasteboardViewController.swift */ = {isa = PBXFileReference; lastKnownFileType = sourcecode.swift; path = UIPasteboardViewController.swift; sourceTree = "<group>"; };
		2BCA7E1024D1A7910096CBA8 /* iOS14UIKitSampler.app */ = {isa = PBXFileReference; explicitFileType = wrapper.application; includeInIndex = 0; path = iOS14UIKitSampler.app; sourceTree = BUILT_PRODUCTS_DIR; };
		2BCA7E1324D1A7910096CBA8 /* AppDelegate.swift */ = {isa = PBXFileReference; lastKnownFileType = sourcecode.swift; path = AppDelegate.swift; sourceTree = "<group>"; };
		2BCA7E1524D1A7910096CBA8 /* SceneDelegate.swift */ = {isa = PBXFileReference; lastKnownFileType = sourcecode.swift; path = SceneDelegate.swift; sourceTree = "<group>"; };
		2BCA7E1A24D1A7910096CBA8 /* Base */ = {isa = PBXFileReference; lastKnownFileType = file.storyboard; name = Base; path = Base.lproj/Main.storyboard; sourceTree = "<group>"; };
		2BCA7E1C24D1A7930096CBA8 /* Assets.xcassets */ = {isa = PBXFileReference; lastKnownFileType = folder.assetcatalog; path = Assets.xcassets; sourceTree = "<group>"; };
		2BCA7E1F24D1A7930096CBA8 /* Base */ = {isa = PBXFileReference; lastKnownFileType = file.storyboard; name = Base; path = Base.lproj/LaunchScreen.storyboard; sourceTree = "<group>"; };
		2BCA7E2124D1A7930096CBA8 /* Info.plist */ = {isa = PBXFileReference; lastKnownFileType = text.plist.xml; path = Info.plist; sourceTree = "<group>"; };
		2BCA7E2624D1A7930096CBA8 /* iOS14UIKitSamplerTests.xctest */ = {isa = PBXFileReference; explicitFileType = wrapper.cfbundle; includeInIndex = 0; path = iOS14UIKitSamplerTests.xctest; sourceTree = BUILT_PRODUCTS_DIR; };
		2BCA7E2A24D1A7930096CBA8 /* iOS14UIKitSamplerTests.swift */ = {isa = PBXFileReference; lastKnownFileType = sourcecode.swift; path = iOS14UIKitSamplerTests.swift; sourceTree = "<group>"; };
		2BCA7E2C24D1A7930096CBA8 /* Info.plist */ = {isa = PBXFileReference; lastKnownFileType = text.plist.xml; path = Info.plist; sourceTree = "<group>"; };
		2BCA7E3124D1A7940096CBA8 /* iOS14UIKitSamplerUITests.xctest */ = {isa = PBXFileReference; explicitFileType = wrapper.cfbundle; includeInIndex = 0; path = iOS14UIKitSamplerUITests.xctest; sourceTree = BUILT_PRODUCTS_DIR; };
		2BCA7E3524D1A7940096CBA8 /* iOS14UIKitSamplerUITests.swift */ = {isa = PBXFileReference; lastKnownFileType = sourcecode.swift; path = iOS14UIKitSamplerUITests.swift; sourceTree = "<group>"; };
		2BCA7E3724D1A7940096CBA8 /* Info.plist */ = {isa = PBXFileReference; lastKnownFileType = text.plist.xml; path = Info.plist; sourceTree = "<group>"; };
		2BCA7E4324D1A8AC0096CBA8 /* TableViewController.swift */ = {isa = PBXFileReference; lastKnownFileType = sourcecode.swift; path = TableViewController.swift; sourceTree = "<group>"; };
		2BCA7E4524D1AAFB0096CBA8 /* MenuViewController.storyboard */ = {isa = PBXFileReference; lastKnownFileType = file.storyboard; path = MenuViewController.storyboard; sourceTree = "<group>"; };
		2BCA7E4924D1B6690096CBA8 /* MenuViewController.swift */ = {isa = PBXFileReference; lastKnownFileType = sourcecode.swift; path = MenuViewController.swift; sourceTree = "<group>"; };
		2BCA7E4B24D1B6BE0096CBA8 /* PageControlViewController.swift */ = {isa = PBXFileReference; lastKnownFileType = sourcecode.swift; path = PageControlViewController.swift; sourceTree = "<group>"; };
		2BCA7E4D24D1B6CB0096CBA8 /* PageControlViewController.storyboard */ = {isa = PBXFileReference; lastKnownFileType = file.storyboard; path = PageControlViewController.storyboard; sourceTree = "<group>"; };
		2BCA7E4F24D1BE780096CBA8 /* NewControlsViewController.storyboard */ = {isa = PBXFileReference; lastKnownFileType = file.storyboard; path = NewControlsViewController.storyboard; sourceTree = "<group>"; };
		2BCA7E5124D1BE820096CBA8 /* NewControlsViewController.swift */ = {isa = PBXFileReference; lastKnownFileType = sourcecode.swift; path = NewControlsViewController.swift; sourceTree = "<group>"; };
		2BCA7E5324D1C16A0096CBA8 /* DatePickerViewController.storyboard */ = {isa = PBXFileReference; lastKnownFileType = file.storyboard; path = DatePickerViewController.storyboard; sourceTree = "<group>"; };
		2BCA7E5524D1C8420096CBA8 /* DatePickerViewController.swift */ = {isa = PBXFileReference; lastKnownFileType = sourcecode.swift; path = DatePickerViewController.swift; sourceTree = "<group>"; };
		2BCA7E5724D1D57B0096CBA8 /* UIControlViewController.storyboard */ = {isa = PBXFileReference; lastKnownFileType = file.storyboard; path = UIControlViewController.storyboard; sourceTree = "<group>"; };
		2BCA7E5924D1D5840096CBA8 /* UIControlViewController.swift */ = {isa = PBXFileReference; lastKnownFileType = sourcecode.swift; path = UIControlViewController.swift; sourceTree = "<group>"; };
/* End PBXFileReference section */

/* Begin PBXFrameworksBuildPhase section */
		2BCA7E0D24D1A7910096CBA8 /* Frameworks */ = {
			isa = PBXFrameworksBuildPhase;
			buildActionMask = 2147483647;
			files = (
			);
			runOnlyForDeploymentPostprocessing = 0;
		};
		2BCA7E2324D1A7930096CBA8 /* Frameworks */ = {
			isa = PBXFrameworksBuildPhase;
			buildActionMask = 2147483647;
			files = (
			);
			runOnlyForDeploymentPostprocessing = 0;
		};
		2BCA7E2E24D1A7940096CBA8 /* Frameworks */ = {
			isa = PBXFrameworksBuildPhase;
			buildActionMask = 2147483647;
			files = (
			);
			runOnlyForDeploymentPostprocessing = 0;
		};
/* End PBXFrameworksBuildPhase section */

/* Begin PBXGroup section */
		2BCA7E0724D1A7910096CBA8 = {
			isa = PBXGroup;
			children = (
				2BCA7E1224D1A7910096CBA8 /* iOS14UIKitSampler */,
				2BCA7E2924D1A7930096CBA8 /* iOS14UIKitSamplerTests */,
				2BCA7E3424D1A7940096CBA8 /* iOS14UIKitSamplerUITests */,
				2BCA7E1124D1A7910096CBA8 /* Products */,
			);
			sourceTree = "<group>";
		};
		2BCA7E1124D1A7910096CBA8 /* Products */ = {
			isa = PBXGroup;
			children = (
				2BCA7E1024D1A7910096CBA8 /* iOS14UIKitSampler.app */,
				2BCA7E2624D1A7930096CBA8 /* iOS14UIKitSamplerTests.xctest */,
				2BCA7E3124D1A7940096CBA8 /* iOS14UIKitSamplerUITests.xctest */,
			);
			name = Products;
			sourceTree = "<group>";
		};
		2BCA7E1224D1A7910096CBA8 /* iOS14UIKitSampler */ = {
			isa = PBXGroup;
			children = (
				2BCA7E1324D1A7910096CBA8 /* AppDelegate.swift */,
				2BCA7E1524D1A7910096CBA8 /* SceneDelegate.swift */,
				2BCA7E4324D1A8AC0096CBA8 /* TableViewController.swift */,
				2BCA7E1924D1A7910096CBA8 /* Main.storyboard */,
				2BCA7E4924D1B6690096CBA8 /* MenuViewController.swift */,
				2BCA7E4524D1AAFB0096CBA8 /* MenuViewController.storyboard */,
				2BCA7E4B24D1B6BE0096CBA8 /* PageControlViewController.swift */,
				2BCA7E4D24D1B6CB0096CBA8 /* PageControlViewController.storyboard */,
				2BCA7E4F24D1BE780096CBA8 /* NewControlsViewController.storyboard */,
				2BCA7E5124D1BE820096CBA8 /* NewControlsViewController.swift */,
				2BCA7E5324D1C16A0096CBA8 /* DatePickerViewController.storyboard */,
				2BCA7E5524D1C8420096CBA8 /* DatePickerViewController.swift */,
				2BCA7E5724D1D57B0096CBA8 /* UIControlViewController.storyboard */,
				2BCA7E5924D1D5840096CBA8 /* UIControlViewController.swift */,
				2BC5C6C424D1DCDC00CBD0D7 /* SidebarModalViewController.storyboard */,
				2BC5C6C024D1DC9900CBD0D7 /* SidebarViewController.storyboard */,
				2BC5C6C224D1DCA700CBD0D7 /* SidebarViewController.swift */,
				2BC5C6C624D1DEA800CBD0D7 /* ListViewController.storyboard */,
				2BC5C6C824D1DF3900CBD0D7 /* ListViewController.swift */,
				2BC5C6CA24D1F7BB00CBD0D7 /* ListContentViewController.storyboard */,
				2BC5C6CC24D1FA8A00CBD0D7 /* ListContentViewController.swift */,
				2BC5C6CE24D22DAA00CBD0D7 /* UIPasteboardViewController.storyboard */,
				2BC5C6D024D22DB500CBD0D7 /* UIPasteboardViewController.swift */,
				2BCA7E1C24D1A7930096CBA8 /* Assets.xcassets */,
				2BCA7E1E24D1A7930096CBA8 /* LaunchScreen.storyboard */,
				2BCA7E2124D1A7930096CBA8 /* Info.plist */,
			);
			path = iOS14UIKitSampler;
			sourceTree = "<group>";
		};
		2BCA7E2924D1A7930096CBA8 /* iOS14UIKitSamplerTests */ = {
			isa = PBXGroup;
			children = (
				2BCA7E2A24D1A7930096CBA8 /* iOS14UIKitSamplerTests.swift */,
				2BCA7E2C24D1A7930096CBA8 /* Info.plist */,
			);
			path = iOS14UIKitSamplerTests;
			sourceTree = "<group>";
		};
		2BCA7E3424D1A7940096CBA8 /* iOS14UIKitSamplerUITests */ = {
			isa = PBXGroup;
			children = (
				2BCA7E3524D1A7940096CBA8 /* iOS14UIKitSamplerUITests.swift */,
				2BCA7E3724D1A7940096CBA8 /* Info.plist */,
			);
			path = iOS14UIKitSamplerUITests;
			sourceTree = "<group>";
		};
/* End PBXGroup section */

/* Begin PBXNativeTarget section */
		2BCA7E0F24D1A7910096CBA8 /* iOS14UIKitSampler */ = {
			isa = PBXNativeTarget;
			buildConfigurationList = 2BCA7E3A24D1A7940096CBA8 /* Build configuration list for PBXNativeTarget "iOS14UIKitSampler" */;
			buildPhases = (
				2BCA7E0C24D1A7910096CBA8 /* Sources */,
				2BCA7E0D24D1A7910096CBA8 /* Frameworks */,
				2BCA7E0E24D1A7910096CBA8 /* Resources */,
			);
			buildRules = (
			);
			dependencies = (
			);
			name = iOS14UIKitSampler;
			productName = iOS14UIKitSampler;
			productReference = 2BCA7E1024D1A7910096CBA8 /* iOS14UIKitSampler.app */;
			productType = "com.apple.product-type.application";
		};
		2BCA7E2524D1A7930096CBA8 /* iOS14UIKitSamplerTests */ = {
			isa = PBXNativeTarget;
			buildConfigurationList = 2BCA7E3D24D1A7940096CBA8 /* Build configuration list for PBXNativeTarget "iOS14UIKitSamplerTests" */;
			buildPhases = (
				2BCA7E2224D1A7930096CBA8 /* Sources */,
				2BCA7E2324D1A7930096CBA8 /* Frameworks */,
				2BCA7E2424D1A7930096CBA8 /* Resources */,
			);
			buildRules = (
			);
			dependencies = (
				2BCA7E2824D1A7930096CBA8 /* PBXTargetDependency */,
			);
			name = iOS14UIKitSamplerTests;
			productName = iOS14UIKitSamplerTests;
			productReference = 2BCA7E2624D1A7930096CBA8 /* iOS14UIKitSamplerTests.xctest */;
			productType = "com.apple.product-type.bundle.unit-test";
		};
		2BCA7E3024D1A7940096CBA8 /* iOS14UIKitSamplerUITests */ = {
			isa = PBXNativeTarget;
			buildConfigurationList = 2BCA7E4024D1A7940096CBA8 /* Build configuration list for PBXNativeTarget "iOS14UIKitSamplerUITests" */;
			buildPhases = (
				2BCA7E2D24D1A7940096CBA8 /* Sources */,
				2BCA7E2E24D1A7940096CBA8 /* Frameworks */,
				2BCA7E2F24D1A7940096CBA8 /* Resources */,
			);
			buildRules = (
			);
			dependencies = (
				2BCA7E3324D1A7940096CBA8 /* PBXTargetDependency */,
			);
			name = iOS14UIKitSamplerUITests;
			productName = iOS14UIKitSamplerUITests;
			productReference = 2BCA7E3124D1A7940096CBA8 /* iOS14UIKitSamplerUITests.xctest */;
			productType = "com.apple.product-type.bundle.ui-testing";
		};
/* End PBXNativeTarget section */

/* Begin PBXProject section */
		2BCA7E0824D1A7910096CBA8 /* Project object */ = {
			isa = PBXProject;
			attributes = {
				LastSwiftUpdateCheck = 1200;
				LastUpgradeCheck = 1200;
				TargetAttributes = {
					2BCA7E0F24D1A7910096CBA8 = {
						CreatedOnToolsVersion = 12.0;
					};
					2BCA7E2524D1A7930096CBA8 = {
						CreatedOnToolsVersion = 12.0;
						TestTargetID = 2BCA7E0F24D1A7910096CBA8;
					};
					2BCA7E3024D1A7940096CBA8 = {
						CreatedOnToolsVersion = 12.0;
						TestTargetID = 2BCA7E0F24D1A7910096CBA8;
					};
				};
			};
			buildConfigurationList = 2BCA7E0B24D1A7910096CBA8 /* Build configuration list for PBXProject "iOS14UIKitSampler" */;
			compatibilityVersion = "Xcode 9.3";
			developmentRegion = en;
			hasScannedForEncodings = 0;
			knownRegions = (
				en,
				Base,
			);
			mainGroup = 2BCA7E0724D1A7910096CBA8;
			productRefGroup = 2BCA7E1124D1A7910096CBA8 /* Products */;
			projectDirPath = "";
			projectRoot = "";
			targets = (
				2BCA7E0F24D1A7910096CBA8 /* iOS14UIKitSampler */,
				2BCA7E2524D1A7930096CBA8 /* iOS14UIKitSamplerTests */,
				2BCA7E3024D1A7940096CBA8 /* iOS14UIKitSamplerUITests */,
			);
		};
/* End PBXProject section */

/* Begin PBXResourcesBuildPhase section */
		2BCA7E0E24D1A7910096CBA8 /* Resources */ = {
			isa = PBXResourcesBuildPhase;
			buildActionMask = 2147483647;
			files = (
				2BCA7E5024D1BE780096CBA8 /* NewControlsViewController.storyboard in Resources */,
				2BC5C6C124D1DC9900CBD0D7 /* SidebarViewController.storyboard in Resources */,
				2BC5C6C524D1DCDC00CBD0D7 /* SidebarModalViewController.storyboard in Resources */,
				2BC5C6C724D1DEA800CBD0D7 /* ListViewController.storyboard in Resources */,
				2BCA7E4624D1AAFB0096CBA8 /* MenuViewController.storyboard in Resources */,
				2BCA7E2024D1A7930096CBA8 /* LaunchScreen.storyboard in Resources */,
				2BCA7E5824D1D57B0096CBA8 /* UIControlViewController.storyboard in Resources */,
				2BCA7E1D24D1A7930096CBA8 /* Assets.xcassets in Resources */,
				2BCA7E5424D1C16A0096CBA8 /* DatePickerViewController.storyboard in Resources */,
				2BC5C6CB24D1F7BB00CBD0D7 /* ListContentViewController.storyboard in Resources */,
				2BCA7E1B24D1A7910096CBA8 /* Main.storyboard in Resources */,
				2BC5C6CF24D22DAA00CBD0D7 /* UIPasteboardViewController.storyboard in Resources */,
				2BCA7E4E24D1B6CB0096CBA8 /* PageControlViewController.storyboard in Resources */,
			);
			runOnlyForDeploymentPostprocessing = 0;
		};
		2BCA7E2424D1A7930096CBA8 /* Resources */ = {
			isa = PBXResourcesBuildPhase;
			buildActionMask = 2147483647;
			files = (
			);
			runOnlyForDeploymentPostprocessing = 0;
		};
		2BCA7E2F24D1A7940096CBA8 /* Resources */ = {
			isa = PBXResourcesBuildPhase;
			buildActionMask = 2147483647;
			files = (
			);
			runOnlyForDeploymentPostprocessing = 0;
		};
/* End PBXResourcesBuildPhase section */

/* Begin PBXSourcesBuildPhase section */
		2BCA7E0C24D1A7910096CBA8 /* Sources */ = {
			isa = PBXSourcesBuildPhase;
			buildActionMask = 2147483647;
			files = (
				2BCA7E1424D1A7910096CBA8 /* AppDelegate.swift in Sources */,
				2BCA7E5224D1BE820096CBA8 /* NewControlsViewController.swift in Sources */,
				2BCA7E5624D1C8420096CBA8 /* DatePickerViewController.swift in Sources */,
				2BCA7E4424D1A8AC0096CBA8 /* TableViewController.swift in Sources */,
				2BCA7E4C24D1B6BE0096CBA8 /* PageControlViewController.swift in Sources */,
				2BCA7E1624D1A7910096CBA8 /* SceneDelegate.swift in Sources */,
				2BC5C6D124D22DB500CBD0D7 /* UIPasteboardViewController.swift in Sources */,
				2BCA7E5A24D1D5840096CBA8 /* UIControlViewController.swift in Sources */,
				2BC5C6C324D1DCA700CBD0D7 /* SidebarViewController.swift in Sources */,
				2BC5C6C924D1DF3900CBD0D7 /* ListViewController.swift in Sources */,
				2BC5C6CD24D1FA8A00CBD0D7 /* ListContentViewController.swift in Sources */,
				2BCA7E4A24D1B6690096CBA8 /* MenuViewController.swift in Sources */,
			);
			runOnlyForDeploymentPostprocessing = 0;
		};
		2BCA7E2224D1A7930096CBA8 /* Sources */ = {
			isa = PBXSourcesBuildPhase;
			buildActionMask = 2147483647;
			files = (
				2BCA7E2B24D1A7930096CBA8 /* iOS14UIKitSamplerTests.swift in Sources */,
			);
			runOnlyForDeploymentPostprocessing = 0;
		};
		2BCA7E2D24D1A7940096CBA8 /* Sources */ = {
			isa = PBXSourcesBuildPhase;
			buildActionMask = 2147483647;
			files = (
				2BCA7E3624D1A7940096CBA8 /* iOS14UIKitSamplerUITests.swift in Sources */,
			);
			runOnlyForDeploymentPostprocessing = 0;
		};
/* End PBXSourcesBuildPhase section */

/* Begin PBXTargetDependency section */
		2BCA7E2824D1A7930096CBA8 /* PBXTargetDependency */ = {
			isa = PBXTargetDependency;
			target = 2BCA7E0F24D1A7910096CBA8 /* iOS14UIKitSampler */;
			targetProxy = 2BCA7E2724D1A7930096CBA8 /* PBXContainerItemProxy */;
		};
		2BCA7E3324D1A7940096CBA8 /* PBXTargetDependency */ = {
			isa = PBXTargetDependency;
			target = 2BCA7E0F24D1A7910096CBA8 /* iOS14UIKitSampler */;
			targetProxy = 2BCA7E3224D1A7940096CBA8 /* PBXContainerItemProxy */;
		};
/* End PBXTargetDependency section */

/* Begin PBXVariantGroup section */
		2BCA7E1924D1A7910096CBA8 /* Main.storyboard */ = {
			isa = PBXVariantGroup;
			children = (
				2BCA7E1A24D1A7910096CBA8 /* Base */,
			);
			name = Main.storyboard;
			sourceTree = "<group>";
		};
		2BCA7E1E24D1A7930096CBA8 /* LaunchScreen.storyboard */ = {
			isa = PBXVariantGroup;
			children = (
				2BCA7E1F24D1A7930096CBA8 /* Base */,
			);
			name = LaunchScreen.storyboard;
			sourceTree = "<group>";
		};
/* End PBXVariantGroup section */

/* Begin XCBuildConfiguration section */
		2BCA7E3824D1A7940096CBA8 /* Debug */ = {
			isa = XCBuildConfiguration;
			buildSettings = {
				ALWAYS_SEARCH_USER_PATHS = NO;
				CLANG_ANALYZER_NONNULL = YES;
				CLANG_ANALYZER_NUMBER_OBJECT_CONVERSION = YES_AGGRESSIVE;
				CLANG_CXX_LANGUAGE_STANDARD = "gnu++14";
				CLANG_CXX_LIBRARY = "libc++";
				CLANG_ENABLE_MODULES = YES;
				CLANG_ENABLE_OBJC_ARC = YES;
				CLANG_ENABLE_OBJC_WEAK = YES;
				CLANG_WARN_BLOCK_CAPTURE_AUTORELEASING = YES;
				CLANG_WARN_BOOL_CONVERSION = YES;
				CLANG_WARN_COMMA = YES;
				CLANG_WARN_CONSTANT_CONVERSION = YES;
				CLANG_WARN_DEPRECATED_OBJC_IMPLEMENTATIONS = YES;
				CLANG_WARN_DIRECT_OBJC_ISA_USAGE = YES_ERROR;
				CLANG_WARN_DOCUMENTATION_COMMENTS = YES;
				CLANG_WARN_EMPTY_BODY = YES;
				CLANG_WARN_ENUM_CONVERSION = YES;
				CLANG_WARN_INFINITE_RECURSION = YES;
				CLANG_WARN_INT_CONVERSION = YES;
				CLANG_WARN_NON_LITERAL_NULL_CONVERSION = YES;
				CLANG_WARN_OBJC_IMPLICIT_RETAIN_SELF = YES;
				CLANG_WARN_OBJC_LITERAL_CONVERSION = YES;
				CLANG_WARN_OBJC_ROOT_CLASS = YES_ERROR;
				CLANG_WARN_QUOTED_INCLUDE_IN_FRAMEWORK_HEADER = YES;
				CLANG_WARN_RANGE_LOOP_ANALYSIS = YES;
				CLANG_WARN_STRICT_PROTOTYPES = YES;
				CLANG_WARN_SUSPICIOUS_MOVE = YES;
				CLANG_WARN_UNGUARDED_AVAILABILITY = YES_AGGRESSIVE;
				CLANG_WARN_UNREACHABLE_CODE = YES;
				CLANG_WARN__DUPLICATE_METHOD_MATCH = YES;
				COPY_PHASE_STRIP = NO;
				DEBUG_INFORMATION_FORMAT = dwarf;
				ENABLE_STRICT_OBJC_MSGSEND = YES;
				ENABLE_TESTABILITY = YES;
				GCC_C_LANGUAGE_STANDARD = gnu11;
				GCC_DYNAMIC_NO_PIC = NO;
				GCC_NO_COMMON_BLOCKS = YES;
				GCC_OPTIMIZATION_LEVEL = 0;
				GCC_PREPROCESSOR_DEFINITIONS = (
					"DEBUG=1",
					"$(inherited)",
				);
				GCC_WARN_64_TO_32_BIT_CONVERSION = YES;
				GCC_WARN_ABOUT_RETURN_TYPE = YES_ERROR;
				GCC_WARN_UNDECLARED_SELECTOR = YES;
				GCC_WARN_UNINITIALIZED_AUTOS = YES_AGGRESSIVE;
				GCC_WARN_UNUSED_FUNCTION = YES;
				GCC_WARN_UNUSED_VARIABLE = YES;
				IPHONEOS_DEPLOYMENT_TARGET = 14.0;
				MTL_ENABLE_DEBUG_INFO = INCLUDE_SOURCE;
				MTL_FAST_MATH = YES;
				ONLY_ACTIVE_ARCH = YES;
				SDKROOT = iphoneos;
				SWIFT_ACTIVE_COMPILATION_CONDITIONS = DEBUG;
				SWIFT_OPTIMIZATION_LEVEL = "-Onone";
			};
			name = Debug;
		};
		2BCA7E3924D1A7940096CBA8 /* Release */ = {
			isa = XCBuildConfiguration;
			buildSettings = {
				ALWAYS_SEARCH_USER_PATHS = NO;
				CLANG_ANALYZER_NONNULL = YES;
				CLANG_ANALYZER_NUMBER_OBJECT_CONVERSION = YES_AGGRESSIVE;
				CLANG_CXX_LANGUAGE_STANDARD = "gnu++14";
				CLANG_CXX_LIBRARY = "libc++";
				CLANG_ENABLE_MODULES = YES;
				CLANG_ENABLE_OBJC_ARC = YES;
				CLANG_ENABLE_OBJC_WEAK = YES;
				CLANG_WARN_BLOCK_CAPTURE_AUTORELEASING = YES;
				CLANG_WARN_BOOL_CONVERSION = YES;
				CLANG_WARN_COMMA = YES;
				CLANG_WARN_CONSTANT_CONVERSION = YES;
				CLANG_WARN_DEPRECATED_OBJC_IMPLEMENTATIONS = YES;
				CLANG_WARN_DIRECT_OBJC_ISA_USAGE = YES_ERROR;
				CLANG_WARN_DOCUMENTATION_COMMENTS = YES;
				CLANG_WARN_EMPTY_BODY = YES;
				CLANG_WARN_ENUM_CONVERSION = YES;
				CLANG_WARN_INFINITE_RECURSION = YES;
				CLANG_WARN_INT_CONVERSION = YES;
				CLANG_WARN_NON_LITERAL_NULL_CONVERSION = YES;
				CLANG_WARN_OBJC_IMPLICIT_RETAIN_SELF = YES;
				CLANG_WARN_OBJC_LITERAL_CONVERSION = YES;
				CLANG_WARN_OBJC_ROOT_CLASS = YES_ERROR;
				CLANG_WARN_QUOTED_INCLUDE_IN_FRAMEWORK_HEADER = YES;
				CLANG_WARN_RANGE_LOOP_ANALYSIS = YES;
				CLANG_WARN_STRICT_PROTOTYPES = YES;
				CLANG_WARN_SUSPICIOUS_MOVE = YES;
				CLANG_WARN_UNGUARDED_AVAILABILITY = YES_AGGRESSIVE;
				CLANG_WARN_UNREACHABLE_CODE = YES;
				CLANG_WARN__DUPLICATE_METHOD_MATCH = YES;
				COPY_PHASE_STRIP = NO;
				DEBUG_INFORMATION_FORMAT = "dwarf-with-dsym";
				ENABLE_NS_ASSERTIONS = NO;
				ENABLE_STRICT_OBJC_MSGSEND = YES;
				GCC_C_LANGUAGE_STANDARD = gnu11;
				GCC_NO_COMMON_BLOCKS = YES;
				GCC_WARN_64_TO_32_BIT_CONVERSION = YES;
				GCC_WARN_ABOUT_RETURN_TYPE = YES_ERROR;
				GCC_WARN_UNDECLARED_SELECTOR = YES;
				GCC_WARN_UNINITIALIZED_AUTOS = YES_AGGRESSIVE;
				GCC_WARN_UNUSED_FUNCTION = YES;
				GCC_WARN_UNUSED_VARIABLE = YES;
				IPHONEOS_DEPLOYMENT_TARGET = 14.0;
				MTL_ENABLE_DEBUG_INFO = NO;
				MTL_FAST_MATH = YES;
				SDKROOT = iphoneos;
				SWIFT_COMPILATION_MODE = wholemodule;
				SWIFT_OPTIMIZATION_LEVEL = "-O";
				VALIDATE_PRODUCT = YES;
			};
			name = Release;
		};
		2BCA7E3B24D1A7940096CBA8 /* Debug */ = {
			isa = XCBuildConfiguration;
			buildSettings = {
				ASSETCATALOG_COMPILER_APPICON_NAME = AppIcon;
				ASSETCATALOG_COMPILER_GLOBAL_ACCENT_COLOR_NAME = AccentColor;
				CODE_SIGN_STYLE = Automatic;
				DEVELOPMENT_TEAM = R33Y42SDDR;
				INFOPLIST_FILE = iOS14UIKitSampler/Info.plist;
				LD_RUNPATH_SEARCH_PATHS = (
					"$(inherited)",
					"@executable_path/Frameworks",
				);
				PRODUCT_BUNDLE_IDENTIFIER = kazuhiro.hayashi.iOS14UIKitSampler;
				PRODUCT_NAME = "$(TARGET_NAME)";
				SWIFT_VERSION = 5.0;
				TARGETED_DEVICE_FAMILY = "1,2";
			};
			name = Debug;
		};
		2BCA7E3C24D1A7940096CBA8 /* Release */ = {
			isa = XCBuildConfiguration;
			buildSettings = {
				ASSETCATALOG_COMPILER_APPICON_NAME = AppIcon;
				ASSETCATALOG_COMPILER_GLOBAL_ACCENT_COLOR_NAME = AccentColor;
				CODE_SIGN_STYLE = Automatic;
				DEVELOPMENT_TEAM = R33Y42SDDR;
				INFOPLIST_FILE = iOS14UIKitSampler/Info.plist;
				LD_RUNPATH_SEARCH_PATHS = (
					"$(inherited)",
					"@executable_path/Frameworks",
				);
				PRODUCT_BUNDLE_IDENTIFIER = kazuhiro.hayashi.iOS14UIKitSampler;
				PRODUCT_NAME = "$(TARGET_NAME)";
				SWIFT_VERSION = 5.0;
				TARGETED_DEVICE_FAMILY = "1,2";
			};
			name = Release;
		};
		2BCA7E3E24D1A7940096CBA8 /* Debug */ = {
			isa = XCBuildConfiguration;
			buildSettings = {
				ALWAYS_EMBED_SWIFT_STANDARD_LIBRARIES = YES;
				BUNDLE_LOADER = "$(TEST_HOST)";
				CODE_SIGN_STYLE = Automatic;
				DEVELOPMENT_TEAM = R33Y42SDDR;
				INFOPLIST_FILE = iOS14UIKitSamplerTests/Info.plist;
				IPHONEOS_DEPLOYMENT_TARGET = 14.0;
				LD_RUNPATH_SEARCH_PATHS = (
					"$(inherited)",
					"@executable_path/Frameworks",
					"@loader_path/Frameworks",
				);
				PRODUCT_BUNDLE_IDENTIFIER = kazuhiro.hayashi.iOS14UIKitSamplerTests;
				PRODUCT_NAME = "$(TARGET_NAME)";
				SWIFT_VERSION = 5.0;
				TARGETED_DEVICE_FAMILY = "1,2";
				TEST_HOST = "$(BUILT_PRODUCTS_DIR)/iOS14UIKitSampler.app/iOS14UIKitSampler";
			};
			name = Debug;
		};
		2BCA7E3F24D1A7940096CBA8 /* Release */ = {
			isa = XCBuildConfiguration;
			buildSettings = {
				ALWAYS_EMBED_SWIFT_STANDARD_LIBRARIES = YES;
				BUNDLE_LOADER = "$(TEST_HOST)";
				CODE_SIGN_STYLE = Automatic;
				DEVELOPMENT_TEAM = R33Y42SDDR;
				INFOPLIST_FILE = iOS14UIKitSamplerTests/Info.plist;
				IPHONEOS_DEPLOYMENT_TARGET = 14.0;
				LD_RUNPATH_SEARCH_PATHS = (
					"$(inherited)",
					"@executable_path/Frameworks",
					"@loader_path/Frameworks",
				);
				PRODUCT_BUNDLE_IDENTIFIER = kazuhiro.hayashi.iOS14UIKitSamplerTests;
				PRODUCT_NAME = "$(TARGET_NAME)";
				SWIFT_VERSION = 5.0;
				TARGETED_DEVICE_FAMILY = "1,2";
				TEST_HOST = "$(BUILT_PRODUCTS_DIR)/iOS14UIKitSampler.app/iOS14UIKitSampler";
			};
			name = Release;
		};
		2BCA7E4124D1A7940096CBA8 /* Debug */ = {
			isa = XCBuildConfiguration;
			buildSettings = {
				ALWAYS_EMBED_SWIFT_STANDARD_LIBRARIES = YES;
				CODE_SIGN_STYLE = Automatic;
				DEVELOPMENT_TEAM = R33Y42SDDR;
				INFOPLIST_FILE = iOS14UIKitSamplerUITests/Info.plist;
				LD_RUNPATH_SEARCH_PATHS = (
					"$(inherited)",
					"@executable_path/Frameworks",
					"@loader_path/Frameworks",
				);
				PRODUCT_BUNDLE_IDENTIFIER = kazuhiro.hayashi.iOS14UIKitSamplerUITests;
				PRODUCT_NAME = "$(TARGET_NAME)";
				SWIFT_VERSION = 5.0;
				TARGETED_DEVICE_FAMILY = "1,2";
				TEST_TARGET_NAME = iOS14UIKitSampler;
			};
			name = Debug;
		};
		2BCA7E4224D1A7940096CBA8 /* Release */ = {
			isa = XCBuildConfiguration;
			buildSettings = {
				ALWAYS_EMBED_SWIFT_STANDARD_LIBRARIES = YES;
				CODE_SIGN_STYLE = Automatic;
				DEVELOPMENT_TEAM = R33Y42SDDR;
				INFOPLIST_FILE = iOS14UIKitSamplerUITests/Info.plist;
				LD_RUNPATH_SEARCH_PATHS = (
					"$(inherited)",
					"@executable_path/Frameworks",
					"@loader_path/Frameworks",
				);
				PRODUCT_BUNDLE_IDENTIFIER = kazuhiro.hayashi.iOS14UIKitSamplerUITests;
				PRODUCT_NAME = "$(TARGET_NAME)";
				SWIFT_VERSION = 5.0;
				TARGETED_DEVICE_FAMILY = "1,2";
				TEST_TARGET_NAME = iOS14UIKitSampler;
			};
			name = Release;
		};
/* End XCBuildConfiguration section */

/* Begin XCConfigurationList section */
		2BCA7E0B24D1A7910096CBA8 /* Build configuration list for PBXProject "iOS14UIKitSampler" */ = {
			isa = XCConfigurationList;
			buildConfigurations = (
				2BCA7E3824D1A7940096CBA8 /* Debug */,
				2BCA7E3924D1A7940096CBA8 /* Release */,
			);
			defaultConfigurationIsVisible = 0;
			defaultConfigurationName = Release;
		};
		2BCA7E3A24D1A7940096CBA8 /* Build configuration list for PBXNativeTarget "iOS14UIKitSampler" */ = {
			isa = XCConfigurationList;
			buildConfigurations = (
				2BCA7E3B24D1A7940096CBA8 /* Debug */,
				2BCA7E3C24D1A7940096CBA8 /* Release */,
			);
			defaultConfigurationIsVisible = 0;
			defaultConfigurationName = Release;
		};
		2BCA7E3D24D1A7940096CBA8 /* Build configuration list for PBXNativeTarget "iOS14UIKitSamplerTests" */ = {
			isa = XCConfigurationList;
			buildConfigurations = (
				2BCA7E3E24D1A7940096CBA8 /* Debug */,
				2BCA7E3F24D1A7940096CBA8 /* Release */,
			);
			defaultConfigurationIsVisible = 0;
			defaultConfigurationName = Release;
		};
		2BCA7E4024D1A7940096CBA8 /* Build configuration list for PBXNativeTarget "iOS14UIKitSamplerUITests" */ = {
			isa = XCConfigurationList;
			buildConfigurations = (
				2BCA7E4124D1A7940096CBA8 /* Debug */,
				2BCA7E4224D1A7940096CBA8 /* Release */,
			);
			defaultConfigurationIsVisible = 0;
			defaultConfigurationName = Release;
		};
/* End XCConfigurationList section */
	};
	rootObject = 2BCA7E0824D1A7910096CBA8 /* Project object */;
}
